// !$*UTF8*$!
{
	archiveVersion = 1;
	classes = {
	};
	objectVersion = 56;
	objects = {

/* Begin PBXBuildFile section */
		0A79E237FA4BF872490E40FA /* Pods_Instagram.framework in Frameworks */ = {isa = PBXBuildFile; fileRef = 8EDF32B85DDD248B9BB5DB42 /* Pods_Instagram.framework */; };
		6B22D81C2B97170300374D5F /* Extensions.swift in Sources */ = {isa = PBXBuildFile; fileRef = 6B22D81B2B97170300374D5F /* Extensions.swift */; };
		6B46C6812BA3FBE600A6C1B7 /* UserFollowTableViewCell.swift in Sources */ = {isa = PBXBuildFile; fileRef = 6B46C6802BA3FBE600A6C1B7 /* UserFollowTableViewCell.swift */; };
		6B46C6842BA4958100A6C1B7 /* NoNotificationView.swift in Sources */ = {isa = PBXBuildFile; fileRef = 6B46C6832BA4958100A6C1B7 /* NoNotificationView.swift */; };
		6B46C6872BA4AC1500A6C1B7 /* NotificationFollowEventTableViewCell.swift in Sources */ = {isa = PBXBuildFile; fileRef = 6B46C6862BA4AC1500A6C1B7 /* NotificationFollowEventTableViewCell.swift */; };
		6B46C68A2BA4AC2B00A6C1B7 /* NotificationLikeEventTableViewCell.swift in Sources */ = {isa = PBXBuildFile; fileRef = 6B46C6892BA4AC2B00A6C1B7 /* NotificationLikeEventTableViewCell.swift */; };
		6B72C1B72B9EB2D70009704B /* FormTableViewCell.swift in Sources */ = {isa = PBXBuildFile; fileRef = 6B72C1B62B9EB2D70009704B /* FormTableViewCell.swift */; };
		6B72C1BC2B9F49C80009704B /* ProfileInforHeaderCollectionReusableView.swift in Sources */ = {isa = PBXBuildFile; fileRef = 6B72C1BB2B9F49C80009704B /* ProfileInforHeaderCollectionReusableView.swift */; };
		6B72C1BE2B9F49E60009704B /* ProfileTabCollectionReusableView.swift in Sources */ = {isa = PBXBuildFile; fileRef = 6B72C1BD2B9F49E60009704B /* ProfileTabCollectionReusableView.swift */; };
		6B72C1C12B9F4A2F0009704B /* PhotoCollectionViewCell.swift in Sources */ = {isa = PBXBuildFile; fileRef = 6B72C1C02B9F4A2F0009704B /* PhotoCollectionViewCell.swift */; };
		6B72C1C32B9FF4D60009704B /* Models.swift in Sources */ = {isa = PBXBuildFile; fileRef = 6B72C1C22B9FF4D60009704B /* Models.swift */; };
		6B7C68762B9C8AF9006F85EF /* FeedTableViewCell.swift in Sources */ = {isa = PBXBuildFile; fileRef = 6B7C68752B9C8AF9006F85EF /* FeedTableViewCell.swift */; };
		6B7C68792B9C8BBC006F85EF /* HeaderFeedTableViewCell.swift in Sources */ = {isa = PBXBuildFile; fileRef = 6B7C68782B9C8BBC006F85EF /* HeaderFeedTableViewCell.swift */; };
		6B7C687B2B9C9719006F85EF /* ActionFeedTableViewCell.swift in Sources */ = {isa = PBXBuildFile; fileRef = 6B7C687A2B9C9719006F85EF /* ActionFeedTableViewCell.swift */; };
		6B7C687D2B9C9725006F85EF /* GeneralFeedTableViewCell.swift in Sources */ = {isa = PBXBuildFile; fileRef = 6B7C687C2B9C9725006F85EF /* GeneralFeedTableViewCell.swift */; };
		6B9F201F2B909A6D0021FB3C /* GoogleService-Info.plist in Resources */ = {isa = PBXBuildFile; fileRef = 6B9F201E2B909A6D0021FB3C /* GoogleService-Info.plist */; };
		6B9F20212B90D2840021FB3C /* DatabaseManager.swift in Sources */ = {isa = PBXBuildFile; fileRef = 6B9F20202B90D2840021FB3C /* DatabaseManager.swift */; };
		6B9F20232B90D82E0021FB3C /* AuthManager.swift in Sources */ = {isa = PBXBuildFile; fileRef = 6B9F20222B90D82E0021FB3C /* AuthManager.swift */; };
		6B9F20252B90D9DA0021FB3C /* StorageManager.swift in Sources */ = {isa = PBXBuildFile; fileRef = 6B9F20242B90D9DA0021FB3C /* StorageManager.swift */; };
		6BA5C16F2B902DB60010501F /* AppDelegate.swift in Sources */ = {isa = PBXBuildFile; fileRef = 6BA5C16E2B902DB60010501F /* AppDelegate.swift */; };
		6BA5C1712B902DB60010501F /* SceneDelegate.swift in Sources */ = {isa = PBXBuildFile; fileRef = 6BA5C1702B902DB60010501F /* SceneDelegate.swift */; };
		6BA5C1732B902DB60010501F /* HomeViewController.swift in Sources */ = {isa = PBXBuildFile; fileRef = 6BA5C1722B902DB60010501F /* HomeViewController.swift */; };
		6BA5C1762B902DB60010501F /* Main.storyboard in Resources */ = {isa = PBXBuildFile; fileRef = 6BA5C1742B902DB60010501F /* Main.storyboard */; };
		6BA5C1782B902DB80010501F /* Assets.xcassets in Resources */ = {isa = PBXBuildFile; fileRef = 6BA5C1772B902DB80010501F /* Assets.xcassets */; };
		6BA5C17B2B902DB80010501F /* LaunchScreen.storyboard in Resources */ = {isa = PBXBuildFile; fileRef = 6BA5C1792B902DB80010501F /* LaunchScreen.storyboard */; };
		6BA5C1882B902F200010501F /* ExploreViewController.swift in Sources */ = {isa = PBXBuildFile; fileRef = 6BA5C1872B902F200010501F /* ExploreViewController.swift */; };
		6BA5C18A2B902F2C0010501F /* CameraViewController.swift in Sources */ = {isa = PBXBuildFile; fileRef = 6BA5C1892B902F2C0010501F /* CameraViewController.swift */; };
		6BA5C18E2B902F470010501F /* ProfileViewController.swift in Sources */ = {isa = PBXBuildFile; fileRef = 6BA5C18D2B902F470010501F /* ProfileViewController.swift */; };
		6BA5C1952B9030C10010501F /* LoginViewController.swift in Sources */ = {isa = PBXBuildFile; fileRef = 6BA5C1942B9030C10010501F /* LoginViewController.swift */; };
		6BA5C1972B9030CF0010501F /* SignUpViewController.swift in Sources */ = {isa = PBXBuildFile; fileRef = 6BA5C1962B9030CF0010501F /* SignUpViewController.swift */; };
		6BA5C19A2B9032BC0010501F /* SearchViewController.swift in Sources */ = {isa = PBXBuildFile; fileRef = 6BA5C1992B9032BC0010501F /* SearchViewController.swift */; };
		6BA5C19C2B9032CA0010501F /* SearchResultViewController.swift in Sources */ = {isa = PBXBuildFile; fileRef = 6BA5C19B2B9032CA0010501F /* SearchResultViewController.swift */; };
		6BA5C19E2B9032DE0010501F /* ProfileEditViewController.swift in Sources */ = {isa = PBXBuildFile; fileRef = 6BA5C19D2B9032DE0010501F /* ProfileEditViewController.swift */; };
		6BA5C1A02B9032E80010501F /* PostViewController.swift in Sources */ = {isa = PBXBuildFile; fileRef = 6BA5C19F2B9032E80010501F /* PostViewController.swift */; };
		6BA5C1A22B9033090010501F /* ListViewController.swift in Sources */ = {isa = PBXBuildFile; fileRef = 6BA5C1A12B9033090010501F /* ListViewController.swift */; };
		6BA5C1A42B9033110010501F /* SettingViewController.swift in Sources */ = {isa = PBXBuildFile; fileRef = 6BA5C1A32B9033110010501F /* SettingViewController.swift */; };
		6BA5C1A82B9034450010501F /* PostEditViewController.swift in Sources */ = {isa = PBXBuildFile; fileRef = 6BA5C1A72B9034450010501F /* PostEditViewController.swift */; };
		6BA5C1AA2B90344F0010501F /* PostPublishViewController.swift in Sources */ = {isa = PBXBuildFile; fileRef = 6BA5C1A92B90344F0010501F /* PostPublishViewController.swift */; };
		6BA5C1AC2B903BD20010501F /* NotificationsViewController.swift in Sources */ = {isa = PBXBuildFile; fileRef = 6BA5C1AB2B903BD20010501F /* NotificationsViewController.swift */; };
/* End PBXBuildFile section */

/* Begin PBXFileReference section */
		6B22D81B2B97170300374D5F /* Extensions.swift */ = {isa = PBXFileReference; lastKnownFileType = sourcecode.swift; path = Extensions.swift; sourceTree = "<group>"; };
		6B46C6802BA3FBE600A6C1B7 /* UserFollowTableViewCell.swift */ = {isa = PBXFileReference; lastKnownFileType = sourcecode.swift; path = UserFollowTableViewCell.swift; sourceTree = "<group>"; };
		6B46C6832BA4958100A6C1B7 /* NoNotificationView.swift */ = {isa = PBXFileReference; lastKnownFileType = sourcecode.swift; path = NoNotificationView.swift; sourceTree = "<group>"; };
		6B46C6862BA4AC1500A6C1B7 /* NotificationFollowEventTableViewCell.swift */ = {isa = PBXFileReference; lastKnownFileType = sourcecode.swift; path = NotificationFollowEventTableViewCell.swift; sourceTree = "<group>"; };
		6B46C6892BA4AC2B00A6C1B7 /* NotificationLikeEventTableViewCell.swift */ = {isa = PBXFileReference; lastKnownFileType = sourcecode.swift; path = NotificationLikeEventTableViewCell.swift; sourceTree = "<group>"; };
		6B72C1B62B9EB2D70009704B /* FormTableViewCell.swift */ = {isa = PBXFileReference; lastKnownFileType = sourcecode.swift; path = FormTableViewCell.swift; sourceTree = "<group>"; };
		6B72C1BB2B9F49C80009704B /* ProfileInforHeaderCollectionReusableView.swift */ = {isa = PBXFileReference; lastKnownFileType = sourcecode.swift; path = ProfileInforHeaderCollectionReusableView.swift; sourceTree = "<group>"; };
		6B72C1BD2B9F49E60009704B /* ProfileTabCollectionReusableView.swift */ = {isa = PBXFileReference; lastKnownFileType = sourcecode.swift; path = ProfileTabCollectionReusableView.swift; sourceTree = "<group>"; };
		6B72C1C02B9F4A2F0009704B /* PhotoCollectionViewCell.swift */ = {isa = PBXFileReference; lastKnownFileType = sourcecode.swift; path = PhotoCollectionViewCell.swift; sourceTree = "<group>"; };
		6B72C1C22B9FF4D60009704B /* Models.swift */ = {isa = PBXFileReference; lastKnownFileType = sourcecode.swift; path = Models.swift; sourceTree = "<group>"; };
		6B7C68752B9C8AF9006F85EF /* FeedTableViewCell.swift */ = {isa = PBXFileReference; lastKnownFileType = sourcecode.swift; path = FeedTableViewCell.swift; sourceTree = "<group>"; };
		6B7C68782B9C8BBC006F85EF /* HeaderFeedTableViewCell.swift */ = {isa = PBXFileReference; lastKnownFileType = sourcecode.swift; path = HeaderFeedTableViewCell.swift; sourceTree = "<group>"; };
		6B7C687A2B9C9719006F85EF /* ActionFeedTableViewCell.swift */ = {isa = PBXFileReference; lastKnownFileType = sourcecode.swift; path = ActionFeedTableViewCell.swift; sourceTree = "<group>"; };
		6B7C687C2B9C9725006F85EF /* GeneralFeedTableViewCell.swift */ = {isa = PBXFileReference; lastKnownFileType = sourcecode.swift; path = GeneralFeedTableViewCell.swift; sourceTree = "<group>"; };
		6B9F201E2B909A6D0021FB3C /* GoogleService-Info.plist */ = {isa = PBXFileReference; fileEncoding = 4; lastKnownFileType = text.plist.xml; path = "GoogleService-Info.plist"; sourceTree = "<group>"; };
		6B9F20202B90D2840021FB3C /* DatabaseManager.swift */ = {isa = PBXFileReference; lastKnownFileType = sourcecode.swift; path = DatabaseManager.swift; sourceTree = "<group>"; };
		6B9F20222B90D82E0021FB3C /* AuthManager.swift */ = {isa = PBXFileReference; lastKnownFileType = sourcecode.swift; path = AuthManager.swift; sourceTree = "<group>"; };
		6B9F20242B90D9DA0021FB3C /* StorageManager.swift */ = {isa = PBXFileReference; lastKnownFileType = sourcecode.swift; path = StorageManager.swift; sourceTree = "<group>"; };
		6BA5C16B2B902DB60010501F /* Instagram.app */ = {isa = PBXFileReference; explicitFileType = wrapper.application; includeInIndex = 0; path = Instagram.app; sourceTree = BUILT_PRODUCTS_DIR; };
		6BA5C16E2B902DB60010501F /* AppDelegate.swift */ = {isa = PBXFileReference; lastKnownFileType = sourcecode.swift; path = AppDelegate.swift; sourceTree = "<group>"; };
		6BA5C1702B902DB60010501F /* SceneDelegate.swift */ = {isa = PBXFileReference; lastKnownFileType = sourcecode.swift; path = SceneDelegate.swift; sourceTree = "<group>"; };
		6BA5C1722B902DB60010501F /* HomeViewController.swift */ = {isa = PBXFileReference; lastKnownFileType = sourcecode.swift; path = HomeViewController.swift; sourceTree = "<group>"; };
		6BA5C1752B902DB60010501F /* Base */ = {isa = PBXFileReference; lastKnownFileType = file.storyboard; name = Base; path = Base.lproj/Main.storyboard; sourceTree = "<group>"; };
		6BA5C1772B902DB80010501F /* Assets.xcassets */ = {isa = PBXFileReference; lastKnownFileType = folder.assetcatalog; path = Assets.xcassets; sourceTree = "<group>"; };
		6BA5C17A2B902DB80010501F /* Base */ = {isa = PBXFileReference; lastKnownFileType = file.storyboard; name = Base; path = Base.lproj/LaunchScreen.storyboard; sourceTree = "<group>"; };
		6BA5C17C2B902DB80010501F /* Info.plist */ = {isa = PBXFileReference; lastKnownFileType = text.plist.xml; path = Info.plist; sourceTree = "<group>"; };
		6BA5C1872B902F200010501F /* ExploreViewController.swift */ = {isa = PBXFileReference; lastKnownFileType = sourcecode.swift; path = ExploreViewController.swift; sourceTree = "<group>"; };
		6BA5C1892B902F2C0010501F /* CameraViewController.swift */ = {isa = PBXFileReference; lastKnownFileType = sourcecode.swift; path = CameraViewController.swift; sourceTree = "<group>"; };
		6BA5C18D2B902F470010501F /* ProfileViewController.swift */ = {isa = PBXFileReference; lastKnownFileType = sourcecode.swift; path = ProfileViewController.swift; sourceTree = "<group>"; };
		6BA5C1942B9030C10010501F /* LoginViewController.swift */ = {isa = PBXFileReference; lastKnownFileType = sourcecode.swift; path = LoginViewController.swift; sourceTree = "<group>"; };
		6BA5C1962B9030CF0010501F /* SignUpViewController.swift */ = {isa = PBXFileReference; lastKnownFileType = sourcecode.swift; path = SignUpViewController.swift; sourceTree = "<group>"; };
		6BA5C1992B9032BC0010501F /* SearchViewController.swift */ = {isa = PBXFileReference; lastKnownFileType = sourcecode.swift; path = SearchViewController.swift; sourceTree = "<group>"; };
		6BA5C19B2B9032CA0010501F /* SearchResultViewController.swift */ = {isa = PBXFileReference; lastKnownFileType = sourcecode.swift; path = SearchResultViewController.swift; sourceTree = "<group>"; };
		6BA5C19D2B9032DE0010501F /* ProfileEditViewController.swift */ = {isa = PBXFileReference; lastKnownFileType = sourcecode.swift; path = ProfileEditViewController.swift; sourceTree = "<group>"; };
		6BA5C19F2B9032E80010501F /* PostViewController.swift */ = {isa = PBXFileReference; lastKnownFileType = sourcecode.swift; path = PostViewController.swift; sourceTree = "<group>"; };
		6BA5C1A12B9033090010501F /* ListViewController.swift */ = {isa = PBXFileReference; lastKnownFileType = sourcecode.swift; path = ListViewController.swift; sourceTree = "<group>"; };
		6BA5C1A32B9033110010501F /* SettingViewController.swift */ = {isa = PBXFileReference; lastKnownFileType = sourcecode.swift; path = SettingViewController.swift; sourceTree = "<group>"; };
		6BA5C1A72B9034450010501F /* PostEditViewController.swift */ = {isa = PBXFileReference; lastKnownFileType = sourcecode.swift; path = PostEditViewController.swift; sourceTree = "<group>"; };
		6BA5C1A92B90344F0010501F /* PostPublishViewController.swift */ = {isa = PBXFileReference; lastKnownFileType = sourcecode.swift; path = PostPublishViewController.swift; sourceTree = "<group>"; };
		6BA5C1AB2B903BD20010501F /* NotificationsViewController.swift */ = {isa = PBXFileReference; lastKnownFileType = sourcecode.swift; path = NotificationsViewController.swift; sourceTree = "<group>"; };
		863A30317987310B274FA3CE /* Pods-Instagram.release.xcconfig */ = {isa = PBXFileReference; includeInIndex = 1; lastKnownFileType = text.xcconfig; name = "Pods-Instagram.release.xcconfig"; path = "Target Support Files/Pods-Instagram/Pods-Instagram.release.xcconfig"; sourceTree = "<group>"; };
		8E11CBFC2F93E7DE1E9D08D7 /* Pods-Instagram.debug.xcconfig */ = {isa = PBXFileReference; includeInIndex = 1; lastKnownFileType = text.xcconfig; name = "Pods-Instagram.debug.xcconfig"; path = "Target Support Files/Pods-Instagram/Pods-Instagram.debug.xcconfig"; sourceTree = "<group>"; };
		8EDF32B85DDD248B9BB5DB42 /* Pods_Instagram.framework */ = {isa = PBXFileReference; explicitFileType = wrapper.framework; includeInIndex = 0; path = Pods_Instagram.framework; sourceTree = BUILT_PRODUCTS_DIR; };
/* End PBXFileReference section */

/* Begin PBXFrameworksBuildPhase section */
		6BA5C1682B902DB60010501F /* Frameworks */ = {
			isa = PBXFrameworksBuildPhase;
			buildActionMask = 2147483647;
			files = (
				0A79E237FA4BF872490E40FA /* Pods_Instagram.framework in Frameworks */,
			);
			runOnlyForDeploymentPostprocessing = 0;
		};
/* End PBXFrameworksBuildPhase section */

/* Begin PBXGroup section */
		5ED4E9141C97718F4B412056 /* Pods */ = {
			isa = PBXGroup;
			children = (
				8E11CBFC2F93E7DE1E9D08D7 /* Pods-Instagram.debug.xcconfig */,
				863A30317987310B274FA3CE /* Pods-Instagram.release.xcconfig */,
			);
			path = Pods;
			sourceTree = "<group>";
		};
		6B46C6822BA4955D00A6C1B7 /* View */ = {
			isa = PBXGroup;
			children = (
				6B46C6832BA4958100A6C1B7 /* NoNotificationView.swift */,
			);
			path = View;
			sourceTree = "<group>";
		};
		6B46C6852BA4ABF000A6C1B7 /* Notification */ = {
			isa = PBXGroup;
			children = (
				6B46C6862BA4AC1500A6C1B7 /* NotificationFollowEventTableViewCell.swift */,
				6B46C6892BA4AC2B00A6C1B7 /* NotificationLikeEventTableViewCell.swift */,
			);
			path = Notification;
			sourceTree = "<group>";
		};
		6B5F1FFF2B9726B000BEE7E7 /* General */ = {
			isa = PBXGroup;
			children = (
				6BA5C1992B9032BC0010501F /* SearchViewController.swift */,
				6BA5C19B2B9032CA0010501F /* SearchResultViewController.swift */,
				6BA5C19D2B9032DE0010501F /* ProfileEditViewController.swift */,
				6BA5C19F2B9032E80010501F /* PostViewController.swift */,
				6BA5C1A12B9033090010501F /* ListViewController.swift */,
				6BA5C1A32B9033110010501F /* SettingViewController.swift */,
				6BA5C1A72B9034450010501F /* PostEditViewController.swift */,
				6BA5C1A92B90344F0010501F /* PostPublishViewController.swift */,
			);
			path = General;
			sourceTree = "<group>";
		};
		6B72C1BA2B9F49940009704B /* CollectionView Headers */ = {
			isa = PBXGroup;
			children = (
				6B72C1BB2B9F49C80009704B /* ProfileInforHeaderCollectionReusableView.swift */,
				6B72C1BD2B9F49E60009704B /* ProfileTabCollectionReusableView.swift */,
			);
			path = "CollectionView Headers";
			sourceTree = "<group>";
		};
		6B72C1C42B9FFA410009704B /* Post Model */ = {
			isa = PBXGroup;
			children = (
				6B72C1C22B9FF4D60009704B /* Models.swift */,
			);
			path = "Post Model";
			sourceTree = "<group>";
		};
		6B7C68742B9C8ACC006F85EF /* Cell */ = {
			isa = PBXGroup;
			children = (
				6B72C1BA2B9F49940009704B /* CollectionView Headers */,
				6B7C68772B9C8BA7006F85EF /* Home Cell */,
				6B72C1B62B9EB2D70009704B /* FormTableViewCell.swift */,
				6B72C1C02B9F4A2F0009704B /* PhotoCollectionViewCell.swift */,
				6B46C6802BA3FBE600A6C1B7 /* UserFollowTableViewCell.swift */,
			);
			path = Cell;
			sourceTree = "<group>";
		};
		6B7C68772B9C8BA7006F85EF /* Home Cell */ = {
			isa = PBXGroup;
			children = (
				6B7C68752B9C8AF9006F85EF /* FeedTableViewCell.swift */,
				6B7C68782B9C8BBC006F85EF /* HeaderFeedTableViewCell.swift */,
				6B7C687A2B9C9719006F85EF /* ActionFeedTableViewCell.swift */,
				6B7C687C2B9C9725006F85EF /* GeneralFeedTableViewCell.swift */,
			);
			path = "Home Cell";
			sourceTree = "<group>";
		};
		6BA5C1622B902DB60010501F = {
			isa = PBXGroup;
			children = (
				6BA5C16D2B902DB60010501F /* Instagram */,
				6BA5C16C2B902DB60010501F /* Products */,
				5ED4E9141C97718F4B412056 /* Pods */,
				812B6C0FF31FB18C37B04C88 /* Frameworks */,
			);
			sourceTree = "<group>";
		};
		6BA5C16C2B902DB60010501F /* Products */ = {
			isa = PBXGroup;
			children = (
				6BA5C16B2B902DB60010501F /* Instagram.app */,
			);
			name = Products;
			sourceTree = "<group>";
		};
		6BA5C16D2B902DB60010501F /* Instagram */ = {
			isa = PBXGroup;
			children = (
				6BA5C1852B902E760010501F /* Resources */,
				6BA5C1842B902E700010501F /* Models */,
				6BA5C1832B902E600010501F /* Controllers */,
				6BA5C1822B902E550010501F /* Views */,
				6BA5C17C2B902DB80010501F /* Info.plist */,
			);
			path = Instagram;
			sourceTree = "<group>";
		};
		6BA5C1822B902E550010501F /* Views */ = {
			isa = PBXGroup;
			children = (
				6B46C6852BA4ABF000A6C1B7 /* Notification */,
				6B46C6822BA4955D00A6C1B7 /* View */,
				6B7C68742B9C8ACC006F85EF /* Cell */,
				6BA5C1862B902EA10010501F /* Storyboards */,
				6BA5C1772B902DB80010501F /* Assets.xcassets */,
			);
			path = Views;
			sourceTree = "<group>";
		};
		6BA5C1832B902E600010501F /* Controllers */ = {
			isa = PBXGroup;
			children = (
				6BA5C1912B902FF10010501F /* Others */,
				6BA5C18F2B902FCB0010501F /* Core */,
			);
			path = Controllers;
			sourceTree = "<group>";
		};
		6BA5C1842B902E700010501F /* Models */ = {
			isa = PBXGroup;
			children = (
				6B72C1C42B9FFA410009704B /* Post Model */,
			);
			path = Models;
			sourceTree = "<group>";
		};
		6BA5C1852B902E760010501F /* Resources */ = {
			isa = PBXGroup;
			children = (
				6B9F201E2B909A6D0021FB3C /* GoogleService-Info.plist */,
				6BA5C16E2B902DB60010501F /* AppDelegate.swift */,
				6BA5C1702B902DB60010501F /* SceneDelegate.swift */,
				6B9F20202B90D2840021FB3C /* DatabaseManager.swift */,
				6B9F20222B90D82E0021FB3C /* AuthManager.swift */,
				6B9F20242B90D9DA0021FB3C /* StorageManager.swift */,
				6B22D81B2B97170300374D5F /* Extensions.swift */,
			);
			path = Resources;
			sourceTree = "<group>";
		};
		6BA5C1862B902EA10010501F /* Storyboards */ = {
			isa = PBXGroup;
			children = (
				6BA5C1742B902DB60010501F /* Main.storyboard */,
				6BA5C1792B902DB80010501F /* LaunchScreen.storyboard */,
			);
			path = Storyboards;
			sourceTree = "<group>";
		};
		6BA5C18F2B902FCB0010501F /* Core */ = {
			isa = PBXGroup;
			children = (
				6BA5C1722B902DB60010501F /* HomeViewController.swift */,
				6BA5C1872B902F200010501F /* ExploreViewController.swift */,
				6BA5C1892B902F2C0010501F /* CameraViewController.swift */,
				6BA5C18D2B902F470010501F /* ProfileViewController.swift */,
				6BA5C1AB2B903BD20010501F /* NotificationsViewController.swift */,
			);
			path = Core;
			sourceTree = "<group>";
		};
		6BA5C1912B902FF10010501F /* Others */ = {
			isa = PBXGroup;
			children = (
				6B5F1FFF2B9726B000BEE7E7 /* General */,
				6BA5C1922B9030280010501F /* Onboarding */,
			);
			path = Others;
			sourceTree = "<group>";
		};
		6BA5C1922B9030280010501F /* Onboarding */ = {
			isa = PBXGroup;
			children = (
				6BA5C1942B9030C10010501F /* LoginViewController.swift */,
				6BA5C1962B9030CF0010501F /* SignUpViewController.swift */,
			);
			path = Onboarding;
			sourceTree = "<group>";
		};
		812B6C0FF31FB18C37B04C88 /* Frameworks */ = {
			isa = PBXGroup;
			children = (
				8EDF32B85DDD248B9BB5DB42 /* Pods_Instagram.framework */,
			);
			name = Frameworks;
			sourceTree = "<group>";
		};
/* End PBXGroup section */

/* Begin PBXNativeTarget section */
		6BA5C16A2B902DB60010501F /* Instagram */ = {
			isa = PBXNativeTarget;
			buildConfigurationList = 6BA5C17F2B902DB80010501F /* Build configuration list for PBXNativeTarget "Instagram" */;
			buildPhases = (
				0ECA940EE2F3930DB7B1EC33 /* [CP] Check Pods Manifest.lock */,
				6BA5C1672B902DB60010501F /* Sources */,
				6BA5C1682B902DB60010501F /* Frameworks */,
				6BA5C1692B902DB60010501F /* Resources */,
				A793C9866A05EED5E8406321 /* [CP] Embed Pods Frameworks */,
			);
			buildRules = (
			);
			dependencies = (
			);
			name = Instagram;
			productName = Instagram;
			productReference = 6BA5C16B2B902DB60010501F /* Instagram.app */;
			productType = "com.apple.product-type.application";
		};
/* End PBXNativeTarget section */

/* Begin PBXProject section */
		6BA5C1632B902DB60010501F /* Project object */ = {
			isa = PBXProject;
			attributes = {
				BuildIndependentTargetsInParallel = 1;
				LastSwiftUpdateCheck = 1520;
				LastUpgradeCheck = 1520;
				TargetAttributes = {
					6BA5C16A2B902DB60010501F = {
						CreatedOnToolsVersion = 15.2;
					};
				};
			};
			buildConfigurationList = 6BA5C1662B902DB60010501F /* Build configuration list for PBXProject "Instagram" */;
			compatibilityVersion = "Xcode 14.0";
			developmentRegion = en;
			hasScannedForEncodings = 0;
			knownRegions = (
				en,
				Base,
			);
			mainGroup = 6BA5C1622B902DB60010501F;
			productRefGroup = 6BA5C16C2B902DB60010501F /* Products */;
			projectDirPath = "";
			projectRoot = "";
			targets = (
				6BA5C16A2B902DB60010501F /* Instagram */,
			);
		};
/* End PBXProject section */

/* Begin PBXResourcesBuildPhase section */
		6BA5C1692B902DB60010501F /* Resources */ = {
			isa = PBXResourcesBuildPhase;
			buildActionMask = 2147483647;
			files = (
				6BA5C17B2B902DB80010501F /* LaunchScreen.storyboard in Resources */,
				6B9F201F2B909A6D0021FB3C /* GoogleService-Info.plist in Resources */,
				6BA5C1782B902DB80010501F /* Assets.xcassets in Resources */,
				6BA5C1762B902DB60010501F /* Main.storyboard in Resources */,
			);
			runOnlyForDeploymentPostprocessing = 0;
		};
/* End PBXResourcesBuildPhase section */

/* Begin PBXShellScriptBuildPhase section */
		0ECA940EE2F3930DB7B1EC33 /* [CP] Check Pods Manifest.lock */ = {
			isa = PBXShellScriptBuildPhase;
			buildActionMask = 2147483647;
			files = (
			);
			inputFileListPaths = (
			);
			inputPaths = (
				"${PODS_PODFILE_DIR_PATH}/Podfile.lock",
				"${PODS_ROOT}/Manifest.lock",
			);
			name = "[CP] Check Pods Manifest.lock";
			outputFileListPaths = (
			);
			outputPaths = (
				"$(DERIVED_FILE_DIR)/Pods-Instagram-checkManifestLockResult.txt",
			);
			runOnlyForDeploymentPostprocessing = 0;
			shellPath = /bin/sh;
			shellScript = "diff \"${PODS_PODFILE_DIR_PATH}/Podfile.lock\" \"${PODS_ROOT}/Manifest.lock\" > /dev/null\nif [ $? != 0 ] ; then\n    # print error to STDERR\n    echo \"error: The sandbox is not in sync with the Podfile.lock. Run 'pod install' or update your CocoaPods installation.\" >&2\n    exit 1\nfi\n# This output is used by Xcode 'outputs' to avoid re-running this script phase.\necho \"SUCCESS\" > \"${SCRIPT_OUTPUT_FILE_0}\"\n";
			showEnvVarsInLog = 0;
		};
		A793C9866A05EED5E8406321 /* [CP] Embed Pods Frameworks */ = {
			isa = PBXShellScriptBuildPhase;
			buildActionMask = 2147483647;
			files = (
			);
			inputFileListPaths = (
				"${PODS_ROOT}/Target Support Files/Pods-Instagram/Pods-Instagram-frameworks-${CONFIGURATION}-input-files.xcfilelist",
			);
			name = "[CP] Embed Pods Frameworks";
			outputFileListPaths = (
				"${PODS_ROOT}/Target Support Files/Pods-Instagram/Pods-Instagram-frameworks-${CONFIGURATION}-output-files.xcfilelist",
			);
			runOnlyForDeploymentPostprocessing = 0;
			shellPath = /bin/sh;
			shellScript = "\"${PODS_ROOT}/Target Support Files/Pods-Instagram/Pods-Instagram-frameworks.sh\"\n";
			showEnvVarsInLog = 0;
		};
/* End PBXShellScriptBuildPhase section */

/* Begin PBXSourcesBuildPhase section */
		6BA5C1672B902DB60010501F /* Sources */ = {
			isa = PBXSourcesBuildPhase;
			buildActionMask = 2147483647;
			files = (
				6B72C1C32B9FF4D60009704B /* Models.swift in Sources */,
				6BA5C19A2B9032BC0010501F /* SearchViewController.swift in Sources */,
				6BA5C1A82B9034450010501F /* PostEditViewController.swift in Sources */,
				6BA5C1882B902F200010501F /* ExploreViewController.swift in Sources */,
				6BA5C18A2B902F2C0010501F /* CameraViewController.swift in Sources */,
				6BA5C1A22B9033090010501F /* ListViewController.swift in Sources */,
				6B7C687B2B9C9719006F85EF /* ActionFeedTableViewCell.swift in Sources */,
				6B7C687D2B9C9725006F85EF /* GeneralFeedTableViewCell.swift in Sources */,
				6B46C6872BA4AC1500A6C1B7 /* NotificationFollowEventTableViewCell.swift in Sources */,
				6BA5C1A42B9033110010501F /* SettingViewController.swift in Sources */,
				6B46C6812BA3FBE600A6C1B7 /* UserFollowTableViewCell.swift in Sources */,
				6BA5C19E2B9032DE0010501F /* ProfileEditViewController.swift in Sources */,
				6B72C1B72B9EB2D70009704B /* FormTableViewCell.swift in Sources */,
				6B9F20252B90D9DA0021FB3C /* StorageManager.swift in Sources */,
				6B7C68792B9C8BBC006F85EF /* HeaderFeedTableViewCell.swift in Sources */,
				6B72C1BC2B9F49C80009704B /* ProfileInforHeaderCollectionReusableView.swift in Sources */,
				6BA5C1732B902DB60010501F /* HomeViewController.swift in Sources */,
				6B9F20212B90D2840021FB3C /* DatabaseManager.swift in Sources */,
				6B9F20232B90D82E0021FB3C /* AuthManager.swift in Sources */,
				6B46C6842BA4958100A6C1B7 /* NoNotificationView.swift in Sources */,
				6BA5C1952B9030C10010501F /* LoginViewController.swift in Sources */,
				6BA5C1AC2B903BD20010501F /* NotificationsViewController.swift in Sources */,
				6B72C1C12B9F4A2F0009704B /* PhotoCollectionViewCell.swift in Sources */,
				6B22D81C2B97170300374D5F /* Extensions.swift in Sources */,
				6B46C68A2BA4AC2B00A6C1B7 /* NotificationLikeEventTableViewCell.swift in Sources */,
				6BA5C18E2B902F470010501F /* ProfileViewController.swift in Sources */,
				6BA5C1972B9030CF0010501F /* SignUpViewController.swift in Sources */,
				6BA5C19C2B9032CA0010501F /* SearchResultViewController.swift in Sources */,
				6BA5C16F2B902DB60010501F /* AppDelegate.swift in Sources */,
				6BA5C1712B902DB60010501F /* SceneDelegate.swift in Sources */,
				6BA5C1AA2B90344F0010501F /* PostPublishViewController.swift in Sources */,
				6B72C1BE2B9F49E60009704B /* ProfileTabCollectionReusableView.swift in Sources */,
				6BA5C1A02B9032E80010501F /* PostViewController.swift in Sources */,
				6B7C68762B9C8AF9006F85EF /* FeedTableViewCell.swift in Sources */,
			);
			runOnlyForDeploymentPostprocessing = 0;
		};
/* End PBXSourcesBuildPhase section */

/* Begin PBXVariantGroup section */
		6BA5C1742B902DB60010501F /* Main.storyboard */ = {
			isa = PBXVariantGroup;
			children = (
				6BA5C1752B902DB60010501F /* Base */,
			);
			name = Main.storyboard;
			sourceTree = "<group>";
		};
		6BA5C1792B902DB80010501F /* LaunchScreen.storyboard */ = {
			isa = PBXVariantGroup;
			children = (
				6BA5C17A2B902DB80010501F /* Base */,
			);
			name = LaunchScreen.storyboard;
			sourceTree = "<group>";
		};
/* End PBXVariantGroup section */

/* Begin XCBuildConfiguration section */
		6BA5C17D2B902DB80010501F /* Debug */ = {
			isa = XCBuildConfiguration;
			buildSettings = {
				ALWAYS_SEARCH_USER_PATHS = NO;
				ASSETCATALOG_COMPILER_GENERATE_SWIFT_ASSET_SYMBOL_EXTENSIONS = YES;
				CLANG_ANALYZER_NONNULL = YES;
				CLANG_ANALYZER_NUMBER_OBJECT_CONVERSION = YES_AGGRESSIVE;
				CLANG_CXX_LANGUAGE_STANDARD = "gnu++20";
				CLANG_ENABLE_MODULES = YES;
				CLANG_ENABLE_OBJC_ARC = YES;
				CLANG_ENABLE_OBJC_WEAK = YES;
				CLANG_WARN_BLOCK_CAPTURE_AUTORELEASING = YES;
				CLANG_WARN_BOOL_CONVERSION = YES;
				CLANG_WARN_COMMA = YES;
				CLANG_WARN_CONSTANT_CONVERSION = YES;
				CLANG_WARN_DEPRECATED_OBJC_IMPLEMENTATIONS = YES;
				CLANG_WARN_DIRECT_OBJC_ISA_USAGE = YES_ERROR;
				CLANG_WARN_DOCUMENTATION_COMMENTS = YES;
				CLANG_WARN_EMPTY_BODY = YES;
				CLANG_WARN_ENUM_CONVERSION = YES;
				CLANG_WARN_INFINITE_RECURSION = YES;
				CLANG_WARN_INT_CONVERSION = YES;
				CLANG_WARN_NON_LITERAL_NULL_CONVERSION = YES;
				CLANG_WARN_OBJC_IMPLICIT_RETAIN_SELF = YES;
				CLANG_WARN_OBJC_LITERAL_CONVERSION = YES;
				CLANG_WARN_OBJC_ROOT_CLASS = YES_ERROR;
				CLANG_WARN_QUOTED_INCLUDE_IN_FRAMEWORK_HEADER = YES;
				CLANG_WARN_RANGE_LOOP_ANALYSIS = YES;
				CLANG_WARN_STRICT_PROTOTYPES = YES;
				CLANG_WARN_SUSPICIOUS_MOVE = YES;
				CLANG_WARN_UNGUARDED_AVAILABILITY = YES_AGGRESSIVE;
				CLANG_WARN_UNREACHABLE_CODE = YES;
				CLANG_WARN__DUPLICATE_METHOD_MATCH = YES;
				COPY_PHASE_STRIP = NO;
				DEBUG_INFORMATION_FORMAT = dwarf;
				ENABLE_STRICT_OBJC_MSGSEND = YES;
				ENABLE_TESTABILITY = YES;
				ENABLE_USER_SCRIPT_SANDBOXING = NO;
				GCC_C_LANGUAGE_STANDARD = gnu17;
				GCC_DYNAMIC_NO_PIC = NO;
				GCC_NO_COMMON_BLOCKS = YES;
				GCC_OPTIMIZATION_LEVEL = 0;
				GCC_PREPROCESSOR_DEFINITIONS = (
					"DEBUG=1",
					"$(inherited)",
				);
				GCC_WARN_64_TO_32_BIT_CONVERSION = YES;
				GCC_WARN_ABOUT_RETURN_TYPE = YES_ERROR;
				GCC_WARN_UNDECLARED_SELECTOR = YES;
				GCC_WARN_UNINITIALIZED_AUTOS = YES_AGGRESSIVE;
				GCC_WARN_UNUSED_FUNCTION = YES;
				GCC_WARN_UNUSED_VARIABLE = YES;
				IPHONEOS_DEPLOYMENT_TARGET = 17.2;
				LOCALIZATION_PREFERS_STRING_CATALOGS = YES;
				MTL_ENABLE_DEBUG_INFO = INCLUDE_SOURCE;
				MTL_FAST_MATH = YES;
				ONLY_ACTIVE_ARCH = YES;
				SDKROOT = iphoneos;
				SWIFT_ACTIVE_COMPILATION_CONDITIONS = "DEBUG $(inherited)";
				SWIFT_OPTIMIZATION_LEVEL = "-Onone";
			};
			name = Debug;
		};
		6BA5C17E2B902DB80010501F /* Release */ = {
			isa = XCBuildConfiguration;
			buildSettings = {
				ALWAYS_SEARCH_USER_PATHS = NO;
				ASSETCATALOG_COMPILER_GENERATE_SWIFT_ASSET_SYMBOL_EXTENSIONS = YES;
				CLANG_ANALYZER_NONNULL = YES;
				CLANG_ANALYZER_NUMBER_OBJECT_CONVERSION = YES_AGGRESSIVE;
				CLANG_CXX_LANGUAGE_STANDARD = "gnu++20";
				CLANG_ENABLE_MODULES = YES;
				CLANG_ENABLE_OBJC_ARC = YES;
				CLANG_ENABLE_OBJC_WEAK = YES;
				CLANG_WARN_BLOCK_CAPTURE_AUTORELEASING = YES;
				CLANG_WARN_BOOL_CONVERSION = YES;
				CLANG_WARN_COMMA = YES;
				CLANG_WARN_CONSTANT_CONVERSION = YES;
				CLANG_WARN_DEPRECATED_OBJC_IMPLEMENTATIONS = YES;
				CLANG_WARN_DIRECT_OBJC_ISA_USAGE = YES_ERROR;
				CLANG_WARN_DOCUMENTATION_COMMENTS = YES;
				CLANG_WARN_EMPTY_BODY = YES;
				CLANG_WARN_ENUM_CONVERSION = YES;
				CLANG_WARN_INFINITE_RECURSION = YES;
				CLANG_WARN_INT_CONVERSION = YES;
				CLANG_WARN_NON_LITERAL_NULL_CONVERSION = YES;
				CLANG_WARN_OBJC_IMPLICIT_RETAIN_SELF = YES;
				CLANG_WARN_OBJC_LITERAL_CONVERSION = YES;
				CLANG_WARN_OBJC_ROOT_CLASS = YES_ERROR;
				CLANG_WARN_QUOTED_INCLUDE_IN_FRAMEWORK_HEADER = YES;
				CLANG_WARN_RANGE_LOOP_ANALYSIS = YES;
				CLANG_WARN_STRICT_PROTOTYPES = YES;
				CLANG_WARN_SUSPICIOUS_MOVE = YES;
				CLANG_WARN_UNGUARDED_AVAILABILITY = YES_AGGRESSIVE;
				CLANG_WARN_UNREACHABLE_CODE = YES;
				CLANG_WARN__DUPLICATE_METHOD_MATCH = YES;
				COPY_PHASE_STRIP = NO;
				DEBUG_INFORMATION_FORMAT = "dwarf-with-dsym";
				ENABLE_NS_ASSERTIONS = NO;
				ENABLE_STRICT_OBJC_MSGSEND = YES;
				ENABLE_USER_SCRIPT_SANDBOXING = NO;
				GCC_C_LANGUAGE_STANDARD = gnu17;
				GCC_NO_COMMON_BLOCKS = YES;
				GCC_WARN_64_TO_32_BIT_CONVERSION = YES;
				GCC_WARN_ABOUT_RETURN_TYPE = YES_ERROR;
				GCC_WARN_UNDECLARED_SELECTOR = YES;
				GCC_WARN_UNINITIALIZED_AUTOS = YES_AGGRESSIVE;
				GCC_WARN_UNUSED_FUNCTION = YES;
				GCC_WARN_UNUSED_VARIABLE = YES;
				IPHONEOS_DEPLOYMENT_TARGET = 17.2;
				LOCALIZATION_PREFERS_STRING_CATALOGS = YES;
				MTL_ENABLE_DEBUG_INFO = NO;
				MTL_FAST_MATH = YES;
				SDKROOT = iphoneos;
				SWIFT_COMPILATION_MODE = wholemodule;
				VALIDATE_PRODUCT = YES;
			};
			name = Release;
		};
		6BA5C1802B902DB80010501F /* Debug */ = {
			isa = XCBuildConfiguration;
			baseConfigurationReference = 8E11CBFC2F93E7DE1E9D08D7 /* Pods-Instagram.debug.xcconfig */;
			buildSettings = {
				ASSETCATALOG_COMPILER_APPICON_NAME = AppIcon;
				ASSETCATALOG_COMPILER_GLOBAL_ACCENT_COLOR_NAME = AccentColor;
				CODE_SIGN_STYLE = Automatic;
				CURRENT_PROJECT_VERSION = 1;
				GENERATE_INFOPLIST_FILE = YES;
				INFOPLIST_FILE = Instagram/Info.plist;
				INFOPLIST_KEY_UIApplicationSupportsIndirectInputEvents = YES;
				INFOPLIST_KEY_UILaunchStoryboardName = LaunchScreen;
				INFOPLIST_KEY_UIMainStoryboardFile = Main;
				INFOPLIST_KEY_UISupportedInterfaceOrientations_iPad = "UIInterfaceOrientationPortrait UIInterfaceOrientationPortraitUpsideDown UIInterfaceOrientationLandscapeLeft UIInterfaceOrientationLandscapeRight";
				INFOPLIST_KEY_UISupportedInterfaceOrientations_iPhone = "UIInterfaceOrientationPortrait UIInterfaceOrientationLandscapeLeft UIInterfaceOrientationLandscapeRight";
				LD_RUNPATH_SEARCH_PATHS = (
					"$(inherited)",
					"@executable_path/Frameworks",
				);
				MARKETING_VERSION = 1.0;
				PRODUCT_BUNDLE_IDENTIFIER = no.Instagram;
				PRODUCT_NAME = "$(TARGET_NAME)";
				SWIFT_EMIT_LOC_STRINGS = YES;
				SWIFT_VERSION = 5.0;
				TARGETED_DEVICE_FAMILY = "1,2";
			};
			name = Debug;
		};
		6BA5C1812B902DB80010501F /* Release */ = {
			isa = XCBuildConfiguration;
			baseConfigurationReference = 863A30317987310B274FA3CE /* Pods-Instagram.release.xcconfig */;
			buildSettings = {
				ASSETCATALOG_COMPILER_APPICON_NAME = AppIcon;
				ASSETCATALOG_COMPILER_GLOBAL_ACCENT_COLOR_NAME = AccentColor;
				CODE_SIGN_STYLE = Automatic;
				CURRENT_PROJECT_VERSION = 1;
				GENERATE_INFOPLIST_FILE = YES;
				INFOPLIST_FILE = Instagram/Info.plist;
				INFOPLIST_KEY_UIApplicationSupportsIndirectInputEvents = YES;
				INFOPLIST_KEY_UILaunchStoryboardName = LaunchScreen;
				INFOPLIST_KEY_UIMainStoryboardFile = Main;
				INFOPLIST_KEY_UISupportedInterfaceOrientations_iPad = "UIInterfaceOrientationPortrait UIInterfaceOrientationPortraitUpsideDown UIInterfaceOrientationLandscapeLeft UIInterfaceOrientationLandscapeRight";
				INFOPLIST_KEY_UISupportedInterfaceOrientations_iPhone = "UIInterfaceOrientationPortrait UIInterfaceOrientationLandscapeLeft UIInterfaceOrientationLandscapeRight";
				LD_RUNPATH_SEARCH_PATHS = (
					"$(inherited)",
					"@executable_path/Frameworks",
				);
				MARKETING_VERSION = 1.0;
				PRODUCT_BUNDLE_IDENTIFIER = no.Instagram;
				PRODUCT_NAME = "$(TARGET_NAME)";
				SWIFT_EMIT_LOC_STRINGS = YES;
				SWIFT_VERSION = 5.0;
				TARGETED_DEVICE_FAMILY = "1,2";
			};
			name = Release;
		};
/* End XCBuildConfiguration section */

/* Begin XCConfigurationList section */
		6BA5C1662B902DB60010501F /* Build configuration list for PBXProject "Instagram" */ = {
			isa = XCConfigurationList;
			buildConfigurations = (
				6BA5C17D2B902DB80010501F /* Debug */,
				6BA5C17E2B902DB80010501F /* Release */,
			);
			defaultConfigurationIsVisible = 0;
			defaultConfigurationName = Release;
		};
		6BA5C17F2B902DB80010501F /* Build configuration list for PBXNativeTarget "Instagram" */ = {
			isa = XCConfigurationList;
			buildConfigurations = (
				6BA5C1802B902DB80010501F /* Debug */,
				6BA5C1812B902DB80010501F /* Release */,
			);
			defaultConfigurationIsVisible = 0;
			defaultConfigurationName = Release;
		};
/* End XCConfigurationList section */
	};
	rootObject = 6BA5C1632B902DB60010501F /* Project object */;
}
